
Microsoft Visual Studio Solution File, Format Version 12.00
Project("{FAE04EC0-301F-11D3-BF4B-00C04F79EFBC}") = "Backend", "Backend\Backend.csproj", "{6F9C728F-D67D-4D77-A097-5CB2DE7144C5}"
EndProject
Project("{FAE04EC0-301F-11D3-BF4B-00C04F79EFBC}") = "BackendTest", "BackendTest\BackendTest.csproj", "{9C284B69-5F60-4BCA-AFAB-55D2FFE5C09E}"
EndProject
Project("{FAE04EC0-301F-11D3-BF4B-00C04F79EFBC}") = "Frontend", "Frontend\Frontend.csproj", "{F7275FBE-FB6B-4457-ABB1-90994BD10B77}"
EndProject
Project("{2150E333-8FDC-42A3-9474-1A3956D46DE8}") = "Backend", "Backend", "{02B4BB1F-AED8-4CD1-B248-606D23DE3C91}"
EndProject
Project("{2150E333-8FDC-42A3-9474-1A3956D46DE8}") = "BackendTest", "BackendTest", "{0F268A41-9C3C-4110-9D04-B26735576B0C}"
EndProject
Project("{2150E333-8FDC-42A3-9474-1A3956D46DE8}") = "Frontend", "Frontend", "{CABFE8B2-9046-4370-90DA-D54988BCDCBF}"
EndProject
Project("{FAE04EC0-301F-11D3-BF4B-00C04F79EFBC}") = "Domain", "Domain\Domain.csproj", "{31351252-95E7-4650-A91A-1D708564A6AC}"
EndProject
Global
	GlobalSection(SolutionConfigurationPlatforms) = preSolution
		Debug|Any CPU = Debug|Any CPU
		Release|Any CPU = Release|Any CPU
	EndGlobalSection
	GlobalSection(ProjectConfigurationPlatforms) = postSolution
		{6F9C728F-D67D-4D77-A097-5CB2DE7144C5}.Debug|Any CPU.ActiveCfg = Debug|Any CPU
		{6F9C728F-D67D-4D77-A097-5CB2DE7144C5}.Debug|Any CPU.Build.0 = Debug|Any CPU
		{6F9C728F-D67D-4D77-A097-5CB2DE7144C5}.Release|Any CPU.ActiveCfg = Release|Any CPU
		{6F9C728F-D67D-4D77-A097-5CB2DE7144C5}.Release|Any CPU.Build.0 = Release|Any CPU
		{9C284B69-5F60-4BCA-AFAB-55D2FFE5C09E}.Debug|Any CPU.ActiveCfg = Debug|Any CPU
		{9C284B69-5F60-4BCA-AFAB-55D2FFE5C09E}.Debug|Any CPU.Build.0 = Debug|Any CPU
		{9C284B69-5F60-4BCA-AFAB-55D2FFE5C09E}.Release|Any CPU.ActiveCfg = Release|Any CPU
		{9C284B69-5F60-4BCA-AFAB-55D2FFE5C09E}.Release|Any CPU.Build.0 = Release|Any CPU
		{F7275FBE-FB6B-4457-ABB1-90994BD10B77}.Debug|Any CPU.ActiveCfg = Debug|Any CPU
		{F7275FBE-FB6B-4457-ABB1-90994BD10B77}.Debug|Any CPU.Build.0 = Debug|Any CPU
		{F7275FBE-FB6B-4457-ABB1-90994BD10B77}.Release|Any CPU.ActiveCfg = Release|Any CPU
		{F7275FBE-FB6B-4457-ABB1-90994BD10B77}.Release|Any CPU.Build.0 = Release|Any CPU
		{31351252-95E7-4650-A91A-1D708564A6AC}.Debug|Any CPU.ActiveCfg = Debug|Any CPU
		{31351252-95E7-4650-A91A-1D708564A6AC}.Debug|Any CPU.Build.0 = Debug|Any CPU
		{31351252-95E7-4650-A91A-1D708564A6AC}.Release|Any CPU.ActiveCfg = Release|Any CPU
		{31351252-95E7-4650-A91A-1D708564A6AC}.Release|Any CPU.Build.0 = Release|Any CPU
	EndGlobalSection
	GlobalSection(NestedProjects) = preSolution
		{31351252-95E7-4650-A91A-1D708564A6AC} = {02B4BB1F-AED8-4CD1-B248-606D23DE3C91}
	EndGlobalSection
EndGlobal
